
Microsoft Visual Studio Solution File, Format Version 12.00
# Visual Studio 15
VisualStudioVersion = 15.0.28307.168
MinimumVisualStudioVersion = 10.0.40219.1
Project("{FAE04EC0-301F-11D3-BF4B-00C04F79EFBC}") = "shell-x", "shell-x\shell-x.csproj", "{B80A4FAA-4C08-4057-B9F0-57FD692BE278}"
EndProject
Global
	GlobalSection(SolutionConfigurationPlatforms) = preSolution
		Debug|Any CPU = Debug|Any CPU
		Release|Any CPU = Release|Any CPU
	EndGlobalSection
	GlobalSection(ProjectConfigurationPlatforms) = postSolution
		{B80A4FAA-4C08-4057-B9F0-57FD692BE278}.Debug|Any CPU.ActiveCfg = Debug|Any CPU
		{B80A4FAA-4C08-4057-B9F0-57FD692BE278}.Debug|Any CPU.Build.0 = Debug|Any CPU
		{B80A4FAA-4C08-4057-B9F0-57FD692BE278}.Release|Any CPU.ActiveCfg = Release|Any CPU
		{B80A4FAA-4C08-4057-B9F0-57FD692BE278}.Release|Any CPU.Build.0 = Release|Any CPU
	EndGlobalSection
	GlobalSection(SolutionProperties) = preSolution
		HideSolutionNode = FALSE
	EndGlobalSection
	GlobalSection(ExtensibilityGlobals) = postSolution
		SolutionGuid = {6DE5BDDD-A8EB-47A0-9CED-5F73DD38251E}
	EndGlobalSection
EndGlobal
